// !$*UTF8*$!
{
	archiveVersion = 1;
	classes = {
	};
	objectVersion = 48;
	objects = {

/* Begin PBXBuildFile section */
		6B0E94C91F9AEEA1007BB2C2 /* AppDelegate.swift in Sources */ = {isa = PBXBuildFile; fileRef = 6B0E94C81F9AEEA1007BB2C2 /* AppDelegate.swift */; };
		6B0E94CB1F9AEEA1007BB2C2 /* ViewController.swift in Sources */ = {isa = PBXBuildFile; fileRef = 6B0E94CA1F9AEEA1007BB2C2 /* ViewController.swift */; };
		6B0E94CE1F9AEEA1007BB2C2 /* Main.storyboard in Resources */ = {isa = PBXBuildFile; fileRef = 6B0E94CC1F9AEEA1007BB2C2 /* Main.storyboard */; };
		6B0E94D01F9AEEA1007BB2C2 /* Assets.xcassets in Resources */ = {isa = PBXBuildFile; fileRef = 6B0E94CF1F9AEEA1007BB2C2 /* Assets.xcassets */; };
		6B0E94D31F9AEEA1007BB2C2 /* LaunchScreen.storyboard in Resources */ = {isa = PBXBuildFile; fileRef = 6B0E94D11F9AEEA1007BB2C2 /* LaunchScreen.storyboard */; };
		6B0E94DB1F9AF0B0007BB2C2 /* TableCell.swift in Sources */ = {isa = PBXBuildFile; fileRef = 6B0E94DA1F9AF0B0007BB2C2 /* TableCell.swift */; };
/* End PBXBuildFile section */

/* Begin PBXFileReference section */
		6B0E94C51F9AEEA1007BB2C2 /* SearchBarInTable.app */ = {isa = PBXFileReference; explicitFileType = wrapper.application; includeInIndex = 0; path = SearchBarInTable.app; sourceTree = BUILT_PRODUCTS_DIR; };
		6B0E94C81F9AEEA1007BB2C2 /* AppDelegate.swift */ = {isa = PBXFileReference; lastKnownFileType = sourcecode.swift; path = AppDelegate.swift; sourceTree = "<group>"; };
		6B0E94CA1F9AEEA1007BB2C2 /* ViewController.swift */ = {isa = PBXFileReference; lastKnownFileType = sourcecode.swift; path = ViewController.swift; sourceTree = "<group>"; };
		6B0E94CD1F9AEEA1007BB2C2 /* Base */ = {isa = PBXFileReference; lastKnownFileType = file.storyboard; name = Base; path = Base.lproj/Main.storyboard; sourceTree = "<group>"; };
		6B0E94CF1F9AEEA1007BB2C2 /* Assets.xcassets */ = {isa = PBXFileReference; lastKnownFileType = folder.assetcatalog; path = Assets.xcassets; sourceTree = "<group>"; };
		6B0E94D21F9AEEA1007BB2C2 /* Base */ = {isa = PBXFileReference; lastKnownFileType = file.storyboard; name = Base; path = Base.lproj/LaunchScreen.storyboard; sourceTree = "<group>"; };
		6B0E94D41F9AEEA1007BB2C2 /* Info.plist */ = {isa = PBXFileReference; lastKnownFileType = text.plist.xml; path = Info.plist; sourceTree = "<group>"; };
		6B0E94DA1F9AF0B0007BB2C2 /* TableCell.swift */ = {isa = PBXFileReference; lastKnownFileType = sourcecode.swift; path = TableCell.swift; sourceTree = "<group>"; };
/* End PBXFileReference section */

/* Begin PBXFrameworksBuildPhase section */
		6B0E94C21F9AEEA1007BB2C2 /* Frameworks */ = {
			isa = PBXFrameworksBuildPhase;
			buildActionMask = 2147483647;
			files = (
			);
			runOnlyForDeploymentPostprocessing = 0;
		};
/* End PBXFrameworksBuildPhase section */

/* Begin PBXGroup section */
		6B0E94BC1F9AEEA1007BB2C2 = {
			isa = PBXGroup;
			children = (
				6B0E94C71F9AEEA1007BB2C2 /* SearchBarInTable */,
				6B0E94C61F9AEEA1007BB2C2 /* Products */,
			);
			sourceTree = "<group>";
		};
		6B0E94C61F9AEEA1007BB2C2 /* Products */ = {
			isa = PBXGroup;
			children = (
				6B0E94C51F9AEEA1007BB2C2 /* SearchBarInTable.app */,
			);
			name = Products;
			sourceTree = "<group>";
		};
		6B0E94C71F9AEEA1007BB2C2 /* SearchBarInTable */ = {
			isa = PBXGroup;
			children = (
				6B0E94C81F9AEEA1007BB2C2 /* AppDelegate.swift */,
				6B0E94CA1F9AEEA1007BB2C2 /* ViewController.swift */,
				6B0E94CC1F9AEEA1007BB2C2 /* Main.storyboard */,
				6B0E94DA1F9AF0B0007BB2C2 /* TableCell.swift */,
				6B0E94CF1F9AEEA1007BB2C2 /* Assets.xcassets */,
				6B0E94D11F9AEEA1007BB2C2 /* LaunchScreen.storyboard */,
				6B0E94D41F9AEEA1007BB2C2 /* Info.plist */,
			);
			path = SearchBarInTable;
			sourceTree = "<group>";
		};
/* End PBXGroup section */

/* Begin PBXNativeTarget section */
		6B0E94C41F9AEEA1007BB2C2 /* SearchBarInTable */ = {
			isa = PBXNativeTarget;
			buildConfigurationList = 6B0E94D71F9AEEA1007BB2C2 /* Build configuration list for PBXNativeTarget "SearchBarInTable" */;
			buildPhases = (
				6B0E94C11F9AEEA1007BB2C2 /* Sources */,
				6B0E94C21F9AEEA1007BB2C2 /* Frameworks */,
				6B0E94C31F9AEEA1007BB2C2 /* Resources */,
			);
			buildRules = (
			);
			dependencies = (
			);
			name = SearchBarInTable;
			productName = SearchBarInTable;
			productReference = 6B0E94C51F9AEEA1007BB2C2 /* SearchBarInTable.app */;
			productType = "com.apple.product-type.application";
		};
/* End PBXNativeTarget section */

/* Begin PBXProject section */
		6B0E94BD1F9AEEA1007BB2C2 /* Project object */ = {
			isa = PBXProject;
			attributes = {
				LastSwiftUpdateCheck = 0900;
				LastUpgradeCheck = 0900;
				ORGANIZATIONNAME = "Xiaodan Wang";
				TargetAttributes = {
					6B0E94C41F9AEEA1007BB2C2 = {
						CreatedOnToolsVersion = 9.0.1;
						ProvisioningStyle = Automatic;
					};
				};
			};
			buildConfigurationList = 6B0E94C01F9AEEA1007BB2C2 /* Build configuration list for PBXProject "SearchBarInTable" */;
			compatibilityVersion = "Xcode 8.0";
			developmentRegion = en;
			hasScannedForEncodings = 0;
			knownRegions = (
				en,
				Base,
			);
			mainGroup = 6B0E94BC1F9AEEA1007BB2C2;
			productRefGroup = 6B0E94C61F9AEEA1007BB2C2 /* Products */;
			projectDirPath = "";
			projectRoot = "";
			targets = (
				6B0E94C41F9AEEA1007BB2C2 /* SearchBarInTable */,
			);
		};
/* End PBXProject section */

/* Begin PBXResourcesBuildPhase section */
		6B0E94C31F9AEEA1007BB2C2 /* Resources */ = {
			isa = PBXResourcesBuildPhase;
			buildActionMask = 2147483647;
			files = (
				6B0E94D31F9AEEA1007BB2C2 /* LaunchScreen.storyboard in Resources */,
				6B0E94D01F9AEEA1007BB2C2 /* Assets.xcassets in Resources */,
				6B0E94CE1F9AEEA1007BB2C2 /* Main.storyboard in Resources */,
			);
			runOnlyForDeploymentPostprocessing = 0;
		};
/* End PBXResourcesBuildPhase section */

/* Begin PBXSourcesBuildPhase section */
		6B0E94C11F9AEEA1007BB2C2 /* Sources */ = {
			isa = PBXSourcesBuildPhase;
			buildActionMask = 2147483647;
			files = (
				6B0E94DB1F9AF0B0007BB2C2 /* TableCell.swift in Sources */,
				6B0E94CB1F9AEEA1007BB2C2 /* ViewController.swift in Sources */,
				6B0E94C91F9AEEA1007BB2C2 /* AppDelegate.swift in Sources */,
			);
			runOnlyForDeploymentPostprocessing = 0;
		};
/* End PBXSourcesBuildPhase section */

/* Begin PBXVariantGroup section */
		6B0E94CC1F9AEEA1007BB2C2 /* Main.storyboard */ = {
			isa = PBXVariantGroup;
			children = (
				6B0E94CD1F9AEEA1007BB2C2 /* Base */,
			);
			name = Main.storyboard;
			sourceTree = "<group>";
		};
		6B0E94D11F9AEEA1007BB2C2 /* LaunchScreen.storyboard */ = {
			isa = PBXVariantGroup;
			children = (
				6B0E94D21F9AEEA1007BB2C2 /* Base */,
			);
			name = LaunchScreen.storyboard;
			sourceTree = "<group>";
		};
/* End PBXVariantGroup section */

/* Begin XCBuildConfiguration section */
		6B0E94D51F9AEEA1007BB2C2 /* Debug */ = {
			isa = XCBuildConfiguration;
			buildSettings = {
				ALWAYS_SEARCH_USER_PATHS = NO;
				CLANG_ANALYZER_NONNULL = YES;
				CLANG_ANALYZER_NUMBER_OBJECT_CONVERSION = YES_AGGRESSIVE;
				CLANG_CXX_LANGUAGE_STANDARD = "gnu++14";
				CLANG_CXX_LIBRARY = "libc++";
				CLANG_ENABLE_MODULES = YES;
				CLANG_ENABLE_OBJC_ARC = YES;
				CLANG_WARN_BLOCK_CAPTURE_AUTORELEASING = YES;
				CLANG_WARN_BOOL_CONVERSION = YES;
				CLANG_WARN_COMMA = YES;
				CLANG_WARN_CONSTANT_CONVERSION = YES;
				CLANG_WARN_DIRECT_OBJC_ISA_USAGE = YES_ERROR;
				CLANG_WARN_DOCUMENTATION_COMMENTS = YES;
				CLANG_WARN_EMPTY_BODY = YES;
				CLANG_WARN_ENUM_CONVERSION = YES;
				CLANG_WARN_INFINITE_RECURSION = YES;
				CLANG_WARN_INT_CONVERSION = YES;
				CLANG_WARN_NON_LITERAL_NULL_CONVERSION = YES;
				CLANG_WARN_OBJC_LITERAL_CONVERSION = YES;
				CLANG_WARN_OBJC_ROOT_CLASS = YES_ERROR;
				CLANG_WARN_RANGE_LOOP_ANALYSIS = YES;
				CLANG_WARN_STRICT_PROTOTYPES = YES;
				CLANG_WARN_SUSPICIOUS_MOVE = YES;
				CLANG_WARN_UNGUARDED_AVAILABILITY = YES_AGGRESSIVE;
				CLANG_WARN_UNREACHABLE_CODE = YES;
				CLANG_WARN__DUPLICATE_METHOD_MATCH = YES;
				CODE_SIGN_IDENTITY = "iPhone Developer";
				COPY_PHASE_STRIP = NO;
				DEBUG_INFORMATION_FORMAT = dwarf;
				ENABLE_STRICT_OBJC_MSGSEND = YES;
				ENABLE_TESTABILITY = YES;
				GCC_C_LANGUAGE_STANDARD = gnu11;
				GCC_DYNAMIC_NO_PIC = NO;
				GCC_NO_COMMON_BLOCKS = YES;
				GCC_OPTIMIZATION_LEVEL = 0;
				GCC_PREPROCESSOR_DEFINITIONS = (
					"DEBUG=1",
					"$(inherited)",
				);
				GCC_WARN_64_TO_32_BIT_CONVERSION = YES;
				GCC_WARN_ABOUT_RETURN_TYPE = YES_ERROR;
				GCC_WARN_UNDECLARED_SELECTOR = YES;
				GCC_WARN_UNINITIALIZED_AUTOS = YES_AGGRESSIVE;
				GCC_WARN_UNUSED_FUNCTION = YES;
				GCC_WARN_UNUSED_VARIABLE = YES;
				IPHONEOS_DEPLOYMENT_TARGET = 11.0;
				MTL_ENABLE_DEBUG_INFO = YES;
				ONLY_ACTIVE_ARCH = YES;
				SDKROOT = iphoneos;
				SWIFT_ACTIVE_COMPILATION_CONDITIONS = DEBUG;
				SWIFT_OPTIMIZATION_LEVEL = "-Onone";
			};
			name = Debug;
		};
		6B0E94D61F9AEEA1007BB2C2 /* Release */ = {
			isa = XCBuildConfiguration;
			buildSettings = {
				ALWAYS_SEARCH_USER_PATHS = NO;
				CLANG_ANALYZER_NONNULL = YES;
				CLANG_ANALYZER_NUMBER_OBJECT_CONVERSION = YES_AGGRESSIVE;
				CLANG_CXX_LANGUAGE_STANDARD = "gnu++14";
				CLANG_CXX_LIBRARY = "libc++";
				CLANG_ENABLE_MODULES = YES;
				CLANG_ENABLE_OBJC_ARC = YES;
				CLANG_WARN_BLOCK_CAPTURE_AUTORELEASING = YES;
				CLANG_WARN_BOOL_CONVERSION = YES;
				CLANG_WARN_COMMA = YES;
				CLANG_WARN_CONSTANT_CONVERSION = YES;
				CLANG_WARN_DIRECT_OBJC_ISA_USAGE = YES_ERROR;
				CLANG_WARN_DOCUMENTATION_COMMENTS = YES;
				CLANG_WARN_EMPTY_BODY = YES;
				CLANG_WARN_ENUM_CONVERSION = YES;
				CLANG_WARN_INFINITE_RECURSION = YES;
				CLANG_WARN_INT_CONVERSION = YES;
				CLANG_WARN_NON_LITERAL_NULL_CONVERSION = YES;
				CLANG_WARN_OBJC_LITERAL_CONVERSION = YES;
				CLANG_WARN_OBJC_ROOT_CLASS = YES_ERROR;
				CLANG_WARN_RANGE_LOOP_ANALYSIS = YES;
				CLANG_WARN_STRICT_PROTOTYPES = YES;
				CLANG_WARN_SUSPICIOUS_MOVE = YES;
				CLANG_WARN_UNGUARDED_AVAILABILITY = YES_AGGRESSIVE;
				CLANG_WARN_UNREACHABLE_CODE = YES;
				CLANG_WARN__DUPLICATE_METHOD_MATCH = YES;
				CODE_SIGN_IDENTITY = "iPhone Developer";
				COPY_PHASE_STRIP = NO;
				DEBUG_INFORMATION_FORMAT = "dwarf-with-dsym";
				ENABLE_NS_ASSERTIONS = NO;
				ENABLE_STRICT_OBJC_MSGSEND = YES;
				GCC_C_LANGUAGE_STANDARD = gnu11;
				GCC_NO_COMMON_BLOCKS = YES;
				GCC_WARN_64_TO_32_BIT_CONVERSION = YES;
				GCC_WARN_ABOUT_RETURN_TYPE = YES_ERROR;
				GCC_WARN_UNDECLARED_SELECTOR = YES;
				GCC_WARN_UNINITIALIZED_AUTOS = YES_AGGRESSIVE;
				GCC_WARN_UNUSED_FUNCTION = YES;
				GCC_WARN_UNUSED_VARIABLE = YES;
				IPHONEOS_DEPLOYMENT_TARGET = 11.0;
				MTL_ENABLE_DEBUG_INFO = NO;
				SDKROOT = iphoneos;
				SWIFT_OPTIMIZATION_LEVEL = "-Owholemodule";
				VALIDATE_PRODUCT = YES;
			};
			name = Release;
		};
		6B0E94D81F9AEEA1007BB2C2 /* Debug */ = {
			isa = XCBuildConfiguration;
			buildSettings = {
				ASSETCATALOG_COMPILER_APPICON_NAME = AppIcon;
				CODE_SIGN_STYLE = Automatic;
				DEVELOPMENT_TEAM = 4RQ5BSF882;
				INFOPLIST_FILE = SearchBarInTable/Info.plist;
				LD_RUNPATH_SEARCH_PATHS = "$(inherited) @executable_path/Frameworks";
				PRODUCT_BUNDLE_IDENTIFIER = iOSeTutorials.SearchBarInTable;
				PRODUCT_NAME = "$(TARGET_NAME)";
				SWIFT_VERSION = 4.0;
				TARGETED_DEVICE_FAMILY = "1,2";
			};
			name = Debug;
		};
		6B0E94D91F9AEEA1007BB2C2 /* Release */ = {
			isa = XCBuildConfiguration;
			buildSettings = {
				ASSETCATALOG_COMPILER_APPICON_NAME = AppIcon;
				CODE_SIGN_STYLE = Automatic;
				DEVELOPMENT_TEAM = 4RQ5BSF882;
				INFOPLIST_FILE = SearchBarInTable/Info.plist;
				LD_RUNPATH_SEARCH_PATHS = "$(inherited) @executable_path/Frameworks";
				PRODUCT_BUNDLE_IDENTIFIER = iOSeTutorials.SearchBarInTable;
				PRODUCT_NAME = "$(TARGET_NAME)";
				SWIFT_VERSION = 4.0;
				TARGETED_DEVICE_FAMILY = "1,2";
			};
			name = Release;
		};
/* End XCBuildConfiguration section */

/* Begin XCConfigurationList section */
		6B0E94C01F9AEEA1007BB2C2 /* Build configuration list for PBXProject "SearchBarInTable" */ = {
			isa = XCConfigurationList;
			buildConfigurations = (
				6B0E94D51F9AEEA1007BB2C2 /* Debug */,
				6B0E94D61F9AEEA1007BB2C2 /* Release */,
			);
			defaultConfigurationIsVisible = 0;
			defaultConfigurationName = Release;
		};
		6B0E94D71F9AEEA1007BB2C2 /* Build configuration list for PBXNativeTarget "SearchBarInTable" */ = {
			isa = XCConfigurationList;
			buildConfigurations = (
				6B0E94D81F9AEEA1007BB2C2 /* Debug */,
				6B0E94D91F9AEEA1007BB2C2 /* Release */,
			);
			defaultConfigurationIsVisible = 0;
			defaultConfigurationName = Release;
		};
/* End XCConfigurationList section */
	};
	rootObject = 6B0E94BD1F9AEEA1007BB2C2 /* Project object */;
}
